
Microsoft Visual Studio Solution File, Format Version 12.00
# Visual Studio Version 17
VisualStudioVersion = 17.10.35013.160
MinimumVisualStudioVersion = 10.0.40219.1
Project("{9A19103F-16F7-4668-BE54-9A1E7A4F7556}") = "Vendas.API", "src\Vendas.API\Vendas.API.csproj", "{08D193C8-C603-45A8-BFCF-71F49FA6CEAF}"
EndProject
Project("{9A19103F-16F7-4668-BE54-9A1E7A4F7556}") = "Vendas.Domain", "src\Vendas.Domain\Vendas.Domain.csproj", "{B0DD577F-5CE1-4307-B654-2D2593653D0D}"
EndProject
Project("{9A19103F-16F7-4668-BE54-9A1E7A4F7556}") = "Vendas.Core", "src\Vendas.Core\Vendas.Core.csproj", "{28E1F949-C18A-4CBB-A516-D9FB1CF22ED9}"
EndProject
Project("{2150E333-8FDC-42A3-9474-1A3956D46DE8}") = "BuildingBlocks", "BuildingBlocks", "{3D86C457-0127-44A4-B539-07F0819CC562}"
EndProject
Project("{9A19103F-16F7-4668-BE54-9A1E7A4F7556}") = "Vendas.Data", "src\Vendas.Data\Vendas.Data.csproj", "{A90DC47A-ED28-4416-A5DB-7EB378401FDA}"
EndProject
Project("{2150E333-8FDC-42A3-9474-1A3956D46DE8}") = "Tests", "Tests", "{3882743C-9F20-4D3D-9278-1825CE0CF354}"
EndProject
Project("{9A19103F-16F7-4668-BE54-9A1E7A4F7556}") = "Vendas.Tests", "tests\Vendas.Tests\Vendas.Tests.csproj", "{2C091099-DE83-4B8C-A330-2ABCF06F3AE7}"
EndProject
Global
	GlobalSection(SolutionConfigurationPlatforms) = preSolution
		Debug|Any CPU = Debug|Any CPU
		Release|Any CPU = Release|Any CPU
	EndGlobalSection
	GlobalSection(ProjectConfigurationPlatforms) = postSolution
		{08D193C8-C603-45A8-BFCF-71F49FA6CEAF}.Debug|Any CPU.ActiveCfg = Debug|Any CPU
		{08D193C8-C603-45A8-BFCF-71F49FA6CEAF}.Debug|Any CPU.Build.0 = Debug|Any CPU
		{08D193C8-C603-45A8-BFCF-71F49FA6CEAF}.Release|Any CPU.ActiveCfg = Release|Any CPU
		{08D193C8-C603-45A8-BFCF-71F49FA6CEAF}.Release|Any CPU.Build.0 = Release|Any CPU
		{B0DD577F-5CE1-4307-B654-2D2593653D0D}.Debug|Any CPU.ActiveCfg = Debug|Any CPU
		{B0DD577F-5CE1-4307-B654-2D2593653D0D}.Debug|Any CPU.Build.0 = Debug|Any CPU
		{B0DD577F-5CE1-4307-B654-2D2593653D0D}.Release|Any CPU.ActiveCfg = Release|Any CPU
		{B0DD577F-5CE1-4307-B654-2D2593653D0D}.Release|Any CPU.Build.0 = Release|Any CPU
		{28E1F949-C18A-4CBB-A516-D9FB1CF22ED9}.Debug|Any CPU.ActiveCfg = Debug|Any CPU
		{28E1F949-C18A-4CBB-A516-D9FB1CF22ED9}.Debug|Any CPU.Build.0 = Debug|Any CPU
		{28E1F949-C18A-4CBB-A516-D9FB1CF22ED9}.Release|Any CPU.ActiveCfg = Release|Any CPU
		{28E1F949-C18A-4CBB-A516-D9FB1CF22ED9}.Release|Any CPU.Build.0 = Release|Any CPU
		{A90DC47A-ED28-4416-A5DB-7EB378401FDA}.Debug|Any CPU.ActiveCfg = Debug|Any CPU
		{A90DC47A-ED28-4416-A5DB-7EB378401FDA}.Debug|Any CPU.Build.0 = Debug|Any CPU
		{A90DC47A-ED28-4416-A5DB-7EB378401FDA}.Release|Any CPU.ActiveCfg = Release|Any CPU
		{A90DC47A-ED28-4416-A5DB-7EB378401FDA}.Release|Any CPU.Build.0 = Release|Any CPU
		{2C091099-DE83-4B8C-A330-2ABCF06F3AE7}.Debug|Any CPU.ActiveCfg = Debug|Any CPU
		{2C091099-DE83-4B8C-A330-2ABCF06F3AE7}.Debug|Any CPU.Build.0 = Debug|Any CPU
		{2C091099-DE83-4B8C-A330-2ABCF06F3AE7}.Release|Any CPU.ActiveCfg = Release|Any CPU
		{2C091099-DE83-4B8C-A330-2ABCF06F3AE7}.Release|Any CPU.Build.0 = Release|Any CPU
	EndGlobalSection
	GlobalSection(SolutionProperties) = preSolution
		HideSolutionNode = FALSE
	EndGlobalSection
	GlobalSection(NestedProjects) = preSolution
		{28E1F949-C18A-4CBB-A516-D9FB1CF22ED9} = {3D86C457-0127-44A4-B539-07F0819CC562}
		{2C091099-DE83-4B8C-A330-2ABCF06F3AE7} = {3882743C-9F20-4D3D-9278-1825CE0CF354}
	EndGlobalSection
	GlobalSection(ExtensibilityGlobals) = postSolution
		SolutionGuid = {3B7AA83D-546D-436E-9533-E8E0D47AF82A}
	EndGlobalSection
EndGlobal
